
Microsoft Visual Studio Solution File, Format Version 12.00
# Visual Studio Version 17
VisualStudioVersion = 17.5.33502.453
MinimumVisualStudioVersion = 10.0.40219.1
Project("{FAE04EC0-301F-11D3-BF4B-00C04F79EFBC}") = "PasswordManager2", "PasswordManager2.csproj", "{C5615F9E-65A0-4FA8-A5EA-FE8F54533DDE}"
EndProject
Global
	GlobalSection(SolutionConfigurationPlatforms) = preSolution
		Debug|Any CPU = Debug|Any CPU
		Release|Any CPU = Release|Any CPU
	EndGlobalSection
	GlobalSection(ProjectConfigurationPlatforms) = postSolution
		{C5615F9E-65A0-4FA8-A5EA-FE8F54533DDE}.Debug|Any CPU.ActiveCfg = Debug|Any CPU
		{C5615F9E-65A0-4FA8-A5EA-FE8F54533DDE}.Debug|Any CPU.Build.0 = Debug|Any CPU
		{C5615F9E-65A0-4FA8-A5EA-FE8F54533DDE}.Release|Any CPU.ActiveCfg = Release|Any CPU
		{C5615F9E-65A0-4FA8-A5EA-FE8F54533DDE}.Release|Any CPU.Build.0 = Release|Any CPU
	EndGlobalSection
	GlobalSection(SolutionProperties) = preSolution
		HideSolutionNode = FALSE
	EndGlobalSection
	GlobalSection(ExtensibilityGlobals) = postSolution
		SolutionGuid = {A1299FC8-7927-4178-9B5C-454332C3226C}
	EndGlobalSection
EndGlobal
